// !$*UTF8*$!
{
	archiveVersion = 1;
	classes = {
	};
	objectVersion = 56;
	objects = {

/* Begin PBXBuildFile section */
		9334F8E62B38C70E00A38484 /* HomeView.swift in Sources */ = {isa = PBXBuildFile; fileRef = 9334F8E52B38C70E00A38484 /* HomeView.swift */; };
		939DE8C42B3809E900AB499B /* AnalogClockDemo_SwiftUIApp.swift in Sources */ = {isa = PBXBuildFile; fileRef = 939DE8C32B3809E900AB499B /* AnalogClockDemo_SwiftUIApp.swift */; };
		939DE8C62B3809E900AB499B /* ContentView.swift in Sources */ = {isa = PBXBuildFile; fileRef = 939DE8C52B3809E900AB499B /* ContentView.swift */; };
		939DE8C82B3809EB00AB499B /* Assets.xcassets in Resources */ = {isa = PBXBuildFile; fileRef = 939DE8C72B3809EB00AB499B /* Assets.xcassets */; };
		939DE8CB2B3809EB00AB499B /* Preview Assets.xcassets in Resources */ = {isa = PBXBuildFile; fileRef = 939DE8CA2B3809EB00AB499B /* Preview Assets.xcassets */; };
		939DE8D52B3809EC00AB499B /* AnalogClockDemo_SwiftUITests.swift in Sources */ = {isa = PBXBuildFile; fileRef = 939DE8D42B3809EC00AB499B /* AnalogClockDemo_SwiftUITests.swift */; };
		939DE8DF2B3809EC00AB499B /* AnalogClockDemo_SwiftUIUITests.swift in Sources */ = {isa = PBXBuildFile; fileRef = 939DE8DE2B3809EC00AB499B /* AnalogClockDemo_SwiftUIUITests.swift */; };
		939DE8E12B3809EC00AB499B /* AnalogClockDemo_SwiftUIUITestsLaunchTests.swift in Sources */ = {isa = PBXBuildFile; fileRef = 939DE8E02B3809EC00AB499B /* AnalogClockDemo_SwiftUIUITestsLaunchTests.swift */; };
/* End PBXBuildFile section */

/* Begin PBXContainerItemProxy section */
		939DE8D12B3809EC00AB499B /* PBXContainerItemProxy */ = {
			isa = PBXContainerItemProxy;
			containerPortal = 939DE8B82B3809E900AB499B /* Project object */;
			proxyType = 1;
			remoteGlobalIDString = 939DE8BF2B3809E900AB499B;
			remoteInfo = "AnalogClockDemo-SwiftUI";
		};
		939DE8DB2B3809EC00AB499B /* PBXContainerItemProxy */ = {
			isa = PBXContainerItemProxy;
			containerPortal = 939DE8B82B3809E900AB499B /* Project object */;
			proxyType = 1;
			remoteGlobalIDString = 939DE8BF2B3809E900AB499B;
			remoteInfo = "AnalogClockDemo-SwiftUI";
		};
/* End PBXContainerItemProxy section */

/* Begin PBXFileReference section */
		9334F8E52B38C70E00A38484 /* HomeView.swift */ = {isa = PBXFileReference; lastKnownFileType = sourcecode.swift; path = HomeView.swift; sourceTree = "<group>"; };
		939DE8C02B3809E900AB499B /* AnalogClockDemo-SwiftUI.app */ = {isa = PBXFileReference; explicitFileType = wrapper.application; includeInIndex = 0; path = "AnalogClockDemo-SwiftUI.app"; sourceTree = BUILT_PRODUCTS_DIR; };
		939DE8C32B3809E900AB499B /* AnalogClockDemo_SwiftUIApp.swift */ = {isa = PBXFileReference; lastKnownFileType = sourcecode.swift; path = AnalogClockDemo_SwiftUIApp.swift; sourceTree = "<group>"; };
		939DE8C52B3809E900AB499B /* ContentView.swift */ = {isa = PBXFileReference; lastKnownFileType = sourcecode.swift; path = ContentView.swift; sourceTree = "<group>"; };
		939DE8C72B3809EB00AB499B /* Assets.xcassets */ = {isa = PBXFileReference; lastKnownFileType = folder.assetcatalog; path = Assets.xcassets; sourceTree = "<group>"; };
		939DE8CA2B3809EB00AB499B /* Preview Assets.xcassets */ = {isa = PBXFileReference; lastKnownFileType = folder.assetcatalog; path = "Preview Assets.xcassets"; sourceTree = "<group>"; };
		939DE8D02B3809EC00AB499B /* AnalogClockDemo-SwiftUITests.xctest */ = {isa = PBXFileReference; explicitFileType = wrapper.cfbundle; includeInIndex = 0; path = "AnalogClockDemo-SwiftUITests.xctest"; sourceTree = BUILT_PRODUCTS_DIR; };
		939DE8D42B3809EC00AB499B /* AnalogClockDemo_SwiftUITests.swift */ = {isa = PBXFileReference; lastKnownFileType = sourcecode.swift; path = AnalogClockDemo_SwiftUITests.swift; sourceTree = "<group>"; };
		939DE8DA2B3809EC00AB499B /* AnalogClockDemo-SwiftUIUITests.xctest */ = {isa = PBXFileReference; explicitFileType = wrapper.cfbundle; includeInIndex = 0; path = "AnalogClockDemo-SwiftUIUITests.xctest"; sourceTree = BUILT_PRODUCTS_DIR; };
		939DE8DE2B3809EC00AB499B /* AnalogClockDemo_SwiftUIUITests.swift */ = {isa = PBXFileReference; lastKnownFileType = sourcecode.swift; path = AnalogClockDemo_SwiftUIUITests.swift; sourceTree = "<group>"; };
		939DE8E02B3809EC00AB499B /* AnalogClockDemo_SwiftUIUITestsLaunchTests.swift */ = {isa = PBXFileReference; lastKnownFileType = sourcecode.swift; path = AnalogClockDemo_SwiftUIUITestsLaunchTests.swift; sourceTree = "<group>"; };
/* End PBXFileReference section */

/* Begin PBXFrameworksBuildPhase section */
		939DE8BD2B3809E900AB499B /* Frameworks */ = {
			isa = PBXFrameworksBuildPhase;
			buildActionMask = 2147483647;
			files = (
			);
			runOnlyForDeploymentPostprocessing = 0;
		};
		939DE8CD2B3809EC00AB499B /* Frameworks */ = {
			isa = PBXFrameworksBuildPhase;
			buildActionMask = 2147483647;
			files = (
			);
			runOnlyForDeploymentPostprocessing = 0;
		};
		939DE8D72B3809EC00AB499B /* Frameworks */ = {
			isa = PBXFrameworksBuildPhase;
			buildActionMask = 2147483647;
			files = (
			);
			runOnlyForDeploymentPostprocessing = 0;
		};
/* End PBXFrameworksBuildPhase section */

/* Begin PBXGroup section */
		939DE8B72B3809E900AB499B = {
			isa = PBXGroup;
			children = (
				939DE8C22B3809E900AB499B /* AnalogClockDemo-SwiftUI */,
				939DE8D32B3809EC00AB499B /* AnalogClockDemo-SwiftUITests */,
				939DE8DD2B3809EC00AB499B /* AnalogClockDemo-SwiftUIUITests */,
				939DE8C12B3809E900AB499B /* Products */,
			);
			sourceTree = "<group>";
		};
		939DE8C12B3809E900AB499B /* Products */ = {
			isa = PBXGroup;
			children = (
				939DE8C02B3809E900AB499B /* AnalogClockDemo-SwiftUI.app */,
				939DE8D02B3809EC00AB499B /* AnalogClockDemo-SwiftUITests.xctest */,
				939DE8DA2B3809EC00AB499B /* AnalogClockDemo-SwiftUIUITests.xctest */,
			);
			name = Products;
			sourceTree = "<group>";
		};
		939DE8C22B3809E900AB499B /* AnalogClockDemo-SwiftUI */ = {
			isa = PBXGroup;
			children = (
				939DE8C32B3809E900AB499B /* AnalogClockDemo_SwiftUIApp.swift */,
				939DE8C52B3809E900AB499B /* ContentView.swift */,
				9334F8E52B38C70E00A38484 /* HomeView.swift */,
				939DE8C72B3809EB00AB499B /* Assets.xcassets */,
				939DE8C92B3809EB00AB499B /* Preview Content */,
			);
			path = "AnalogClockDemo-SwiftUI";
			sourceTree = "<group>";
		};
		939DE8C92B3809EB00AB499B /* Preview Content */ = {
			isa = PBXGroup;
			children = (
				939DE8CA2B3809EB00AB499B /* Preview Assets.xcassets */,
			);
			path = "Preview Content";
			sourceTree = "<group>";
		};
		939DE8D32B3809EC00AB499B /* AnalogClockDemo-SwiftUITests */ = {
			isa = PBXGroup;
			children = (
				939DE8D42B3809EC00AB499B /* AnalogClockDemo_SwiftUITests.swift */,
			);
			path = "AnalogClockDemo-SwiftUITests";
			sourceTree = "<group>";
		};
		939DE8DD2B3809EC00AB499B /* AnalogClockDemo-SwiftUIUITests */ = {
			isa = PBXGroup;
			children = (
				939DE8DE2B3809EC00AB499B /* AnalogClockDemo_SwiftUIUITests.swift */,
				939DE8E02B3809EC00AB499B /* AnalogClockDemo_SwiftUIUITestsLaunchTests.swift */,
			);
			path = "AnalogClockDemo-SwiftUIUITests";
			sourceTree = "<group>";
		};
/* End PBXGroup section */

/* Begin PBXNativeTarget section */
		939DE8BF2B3809E900AB499B /* AnalogClockDemo-SwiftUI */ = {
			isa = PBXNativeTarget;
			buildConfigurationList = 939DE8E42B3809EC00AB499B /* Build configuration list for PBXNativeTarget "AnalogClockDemo-SwiftUI" */;
			buildPhases = (
				939DE8BC2B3809E900AB499B /* Sources */,
				939DE8BD2B3809E900AB499B /* Frameworks */,
				939DE8BE2B3809E900AB499B /* Resources */,
			);
			buildRules = (
			);
			dependencies = (
			);
			name = "AnalogClockDemo-SwiftUI";
			productName = "AnalogClockDemo-SwiftUI";
			productReference = 939DE8C02B3809E900AB499B /* AnalogClockDemo-SwiftUI.app */;
			productType = "com.apple.product-type.application";
		};
		939DE8CF2B3809EC00AB499B /* AnalogClockDemo-SwiftUITests */ = {
			isa = PBXNativeTarget;
			buildConfigurationList = 939DE8E72B3809EC00AB499B /* Build configuration list for PBXNativeTarget "AnalogClockDemo-SwiftUITests" */;
			buildPhases = (
				939DE8CC2B3809EC00AB499B /* Sources */,
				939DE8CD2B3809EC00AB499B /* Frameworks */,
				939DE8CE2B3809EC00AB499B /* Resources */,
			);
			buildRules = (
			);
			dependencies = (
				939DE8D22B3809EC00AB499B /* PBXTargetDependency */,
			);
			name = "AnalogClockDemo-SwiftUITests";
			productName = "AnalogClockDemo-SwiftUITests";
			productReference = 939DE8D02B3809EC00AB499B /* AnalogClockDemo-SwiftUITests.xctest */;
			productType = "com.apple.product-type.bundle.unit-test";
		};
		939DE8D92B3809EC00AB499B /* AnalogClockDemo-SwiftUIUITests */ = {
			isa = PBXNativeTarget;
			buildConfigurationList = 939DE8EA2B3809EC00AB499B /* Build configuration list for PBXNativeTarget "AnalogClockDemo-SwiftUIUITests" */;
			buildPhases = (
				939DE8D62B3809EC00AB499B /* Sources */,
				939DE8D72B3809EC00AB499B /* Frameworks */,
				939DE8D82B3809EC00AB499B /* Resources */,
			);
			buildRules = (
			);
			dependencies = (
				939DE8DC2B3809EC00AB499B /* PBXTargetDependency */,
			);
			name = "AnalogClockDemo-SwiftUIUITests";
			productName = "AnalogClockDemo-SwiftUIUITests";
			productReference = 939DE8DA2B3809EC00AB499B /* AnalogClockDemo-SwiftUIUITests.xctest */;
			productType = "com.apple.product-type.bundle.ui-testing";
		};
/* End PBXNativeTarget section */

/* Begin PBXProject section */
		939DE8B82B3809E900AB499B /* Project object */ = {
			isa = PBXProject;
			attributes = {
				BuildIndependentTargetsInParallel = 1;
				LastSwiftUpdateCheck = 1410;
				LastUpgradeCheck = 1410;
				TargetAttributes = {
					939DE8BF2B3809E900AB499B = {
						CreatedOnToolsVersion = 14.1;
					};
					939DE8CF2B3809EC00AB499B = {
						CreatedOnToolsVersion = 14.1;
						TestTargetID = 939DE8BF2B3809E900AB499B;
					};
					939DE8D92B3809EC00AB499B = {
						CreatedOnToolsVersion = 14.1;
						TestTargetID = 939DE8BF2B3809E900AB499B;
					};
				};
			};
			buildConfigurationList = 939DE8BB2B3809E900AB499B /* Build configuration list for PBXProject "AnalogClockDemo-SwiftUI" */;
			compatibilityVersion = "Xcode 14.0";
			developmentRegion = en;
			hasScannedForEncodings = 0;
			knownRegions = (
				en,
				Base,
			);
			mainGroup = 939DE8B72B3809E900AB499B;
			productRefGroup = 939DE8C12B3809E900AB499B /* Products */;
			projectDirPath = "";
			projectRoot = "";
			targets = (
				939DE8BF2B3809E900AB499B /* AnalogClockDemo-SwiftUI */,
				939DE8CF2B3809EC00AB499B /* AnalogClockDemo-SwiftUITests */,
				939DE8D92B3809EC00AB499B /* AnalogClockDemo-SwiftUIUITests */,
			);
		};
/* End PBXProject section */

/* Begin PBXResourcesBuildPhase section */
		939DE8BE2B3809E900AB499B /* Resources */ = {
			isa = PBXResourcesBuildPhase;
			buildActionMask = 2147483647;
			files = (
				939DE8CB2B3809EB00AB499B /* Preview Assets.xcassets in Resources */,
				939DE8C82B3809EB00AB499B /* Assets.xcassets in Resources */,
			);
			runOnlyForDeploymentPostprocessing = 0;
		};
		939DE8CE2B3809EC00AB499B /* Resources */ = {
			isa = PBXResourcesBuildPhase;
			buildActionMask = 2147483647;
			files = (
			);
			runOnlyForDeploymentPostprocessing = 0;
		};
		939DE8D82B3809EC00AB499B /* Resources */ = {
			isa = PBXResourcesBuildPhase;
			buildActionMask = 2147483647;
			files = (
			);
			runOnlyForDeploymentPostprocessing = 0;
		};
/* End PBXResourcesBuildPhase section */

/* Begin PBXSourcesBuildPhase section */
		939DE8BC2B3809E900AB499B /* Sources */ = {
			isa = PBXSourcesBuildPhase;
			buildActionMask = 2147483647;
			files = (
				9334F8E62B38C70E00A38484 /* HomeView.swift in Sources */,
				939DE8C62B3809E900AB499B /* ContentView.swift in Sources */,
				939DE8C42B3809E900AB499B /* AnalogClockDemo_SwiftUIApp.swift in Sources */,
			);
			runOnlyForDeploymentPostprocessing = 0;
		};
		939DE8CC2B3809EC00AB499B /* Sources */ = {
			isa = PBXSourcesBuildPhase;
			buildActionMask = 2147483647;
			files = (
				939DE8D52B3809EC00AB499B /* AnalogClockDemo_SwiftUITests.swift in Sources */,
			);
			runOnlyForDeploymentPostprocessing = 0;
		};
		939DE8D62B3809EC00AB499B /* Sources */ = {
			isa = PBXSourcesBuildPhase;
			buildActionMask = 2147483647;
			files = (
				939DE8E12B3809EC00AB499B /* AnalogClockDemo_SwiftUIUITestsLaunchTests.swift in Sources */,
				939DE8DF2B3809EC00AB499B /* AnalogClockDemo_SwiftUIUITests.swift in Sources */,
			);
			runOnlyForDeploymentPostprocessing = 0;
		};
/* End PBXSourcesBuildPhase section */

/* Begin PBXTargetDependency section */
		939DE8D22B3809EC00AB499B /* PBXTargetDependency */ = {
			isa = PBXTargetDependency;
			target = 939DE8BF2B3809E900AB499B /* AnalogClockDemo-SwiftUI */;
			targetProxy = 939DE8D12B3809EC00AB499B /* PBXContainerItemProxy */;
		};
		939DE8DC2B3809EC00AB499B /* PBXTargetDependency */ = {
			isa = PBXTargetDependency;
			target = 939DE8BF2B3809E900AB499B /* AnalogClockDemo-SwiftUI */;
			targetProxy = 939DE8DB2B3809EC00AB499B /* PBXContainerItemProxy */;
		};
/* End PBXTargetDependency section */

/* Begin XCBuildConfiguration section */
		939DE8E22B3809EC00AB499B /* Debug */ = {
			isa = XCBuildConfiguration;
			buildSettings = {
				ALWAYS_SEARCH_USER_PATHS = NO;
				CLANG_ANALYZER_NONNULL = YES;
				CLANG_ANALYZER_NUMBER_OBJECT_CONVERSION = YES_AGGRESSIVE;
				CLANG_CXX_LANGUAGE_STANDARD = "gnu++20";
				CLANG_ENABLE_MODULES = YES;
				CLANG_ENABLE_OBJC_ARC = YES;
				CLANG_ENABLE_OBJC_WEAK = YES;
				CLANG_WARN_BLOCK_CAPTURE_AUTORELEASING = YES;
				CLANG_WARN_BOOL_CONVERSION = YES;
				CLANG_WARN_COMMA = YES;
				CLANG_WARN_CONSTANT_CONVERSION = YES;
				CLANG_WARN_DEPRECATED_OBJC_IMPLEMENTATIONS = YES;
				CLANG_WARN_DIRECT_OBJC_ISA_USAGE = YES_ERROR;
				CLANG_WARN_DOCUMENTATION_COMMENTS = YES;
				CLANG_WARN_EMPTY_BODY = YES;
				CLANG_WARN_ENUM_CONVERSION = YES;
				CLANG_WARN_INFINITE_RECURSION = YES;
				CLANG_WARN_INT_CONVERSION = YES;
				CLANG_WARN_NON_LITERAL_NULL_CONVERSION = YES;
				CLANG_WARN_OBJC_IMPLICIT_RETAIN_SELF = YES;
				CLANG_WARN_OBJC_LITERAL_CONVERSION = YES;
				CLANG_WARN_OBJC_ROOT_CLASS = YES_ERROR;
				CLANG_WARN_QUOTED_INCLUDE_IN_FRAMEWORK_HEADER = YES;
				CLANG_WARN_RANGE_LOOP_ANALYSIS = YES;
				CLANG_WARN_STRICT_PROTOTYPES = YES;
				CLANG_WARN_SUSPICIOUS_MOVE = YES;
				CLANG_WARN_UNGUARDED_AVAILABILITY = YES_AGGRESSIVE;
				CLANG_WARN_UNREACHABLE_CODE = YES;
				CLANG_WARN__DUPLICATE_METHOD_MATCH = YES;
				COPY_PHASE_STRIP = NO;
				DEBUG_INFORMATION_FORMAT = dwarf;
				ENABLE_STRICT_OBJC_MSGSEND = YES;
				ENABLE_TESTABILITY = YES;
				GCC_C_LANGUAGE_STANDARD = gnu11;
				GCC_DYNAMIC_NO_PIC = NO;
				GCC_NO_COMMON_BLOCKS = YES;
				GCC_OPTIMIZATION_LEVEL = 0;
				GCC_PREPROCESSOR_DEFINITIONS = (
					"DEBUG=1",
					"$(inherited)",
				);
				GCC_WARN_64_TO_32_BIT_CONVERSION = YES;
				GCC_WARN_ABOUT_RETURN_TYPE = YES_ERROR;
				GCC_WARN_UNDECLARED_SELECTOR = YES;
				GCC_WARN_UNINITIALIZED_AUTOS = YES_AGGRESSIVE;
				GCC_WARN_UNUSED_FUNCTION = YES;
				GCC_WARN_UNUSED_VARIABLE = YES;
				IPHONEOS_DEPLOYMENT_TARGET = 16.1;
				MTL_ENABLE_DEBUG_INFO = INCLUDE_SOURCE;
				MTL_FAST_MATH = YES;
				ONLY_ACTIVE_ARCH = YES;
				SDKROOT = iphoneos;
				SWIFT_ACTIVE_COMPILATION_CONDITIONS = DEBUG;
				SWIFT_OPTIMIZATION_LEVEL = "-Onone";
			};
			name = Debug;
		};
		939DE8E32B3809EC00AB499B /* Release */ = {
			isa = XCBuildConfiguration;
			buildSettings = {
				ALWAYS_SEARCH_USER_PATHS = NO;
				CLANG_ANALYZER_NONNULL = YES;
				CLANG_ANALYZER_NUMBER_OBJECT_CONVERSION = YES_AGGRESSIVE;
				CLANG_CXX_LANGUAGE_STANDARD = "gnu++20";
				CLANG_ENABLE_MODULES = YES;
				CLANG_ENABLE_OBJC_ARC = YES;
				CLANG_ENABLE_OBJC_WEAK = YES;
				CLANG_WARN_BLOCK_CAPTURE_AUTORELEASING = YES;
				CLANG_WARN_BOOL_CONVERSION = YES;
				CLANG_WARN_COMMA = YES;
				CLANG_WARN_CONSTANT_CONVERSION = YES;
				CLANG_WARN_DEPRECATED_OBJC_IMPLEMENTATIONS = YES;
				CLANG_WARN_DIRECT_OBJC_ISA_USAGE = YES_ERROR;
				CLANG_WARN_DOCUMENTATION_COMMENTS = YES;
				CLANG_WARN_EMPTY_BODY = YES;
				CLANG_WARN_ENUM_CONVERSION = YES;
				CLANG_WARN_INFINITE_RECURSION = YES;
				CLANG_WARN_INT_CONVERSION = YES;
				CLANG_WARN_NON_LITERAL_NULL_CONVERSION = YES;
				CLANG_WARN_OBJC_IMPLICIT_RETAIN_SELF = YES;
				CLANG_WARN_OBJC_LITERAL_CONVERSION = YES;
				CLANG_WARN_OBJC_ROOT_CLASS = YES_ERROR;
				CLANG_WARN_QUOTED_INCLUDE_IN_FRAMEWORK_HEADER = YES;
				CLANG_WARN_RANGE_LOOP_ANALYSIS = YES;
				CLANG_WARN_STRICT_PROTOTYPES = YES;
				CLANG_WARN_SUSPICIOUS_MOVE = YES;
				CLANG_WARN_UNGUARDED_AVAILABILITY = YES_AGGRESSIVE;
				CLANG_WARN_UNREACHABLE_CODE = YES;
				CLANG_WARN__DUPLICATE_METHOD_MATCH = YES;
				COPY_PHASE_STRIP = NO;
				DEBUG_INFORMATION_FORMAT = "dwarf-with-dsym";
				ENABLE_NS_ASSERTIONS = NO;
				ENABLE_STRICT_OBJC_MSGSEND = YES;
				GCC_C_LANGUAGE_STANDARD = gnu11;
				GCC_NO_COMMON_BLOCKS = YES;
				GCC_WARN_64_TO_32_BIT_CONVERSION = YES;
				GCC_WARN_ABOUT_RETURN_TYPE = YES_ERROR;
				GCC_WARN_UNDECLARED_SELECTOR = YES;
				GCC_WARN_UNINITIALIZED_AUTOS = YES_AGGRESSIVE;
				GCC_WARN_UNUSED_FUNCTION = YES;
				GCC_WARN_UNUSED_VARIABLE = YES;
				IPHONEOS_DEPLOYMENT_TARGET = 16.1;
				MTL_ENABLE_DEBUG_INFO = NO;
				MTL_FAST_MATH = YES;
				SDKROOT = iphoneos;
				SWIFT_COMPILATION_MODE = wholemodule;
				SWIFT_OPTIMIZATION_LEVEL = "-O";
				VALIDATE_PRODUCT = YES;
			};
			name = Release;
		};
		939DE8E52B3809EC00AB499B /* Debug */ = {
			isa = XCBuildConfiguration;
			buildSettings = {
				ASSETCATALOG_COMPILER_APPICON_NAME = AppIcon;
				ASSETCATALOG_COMPILER_GLOBAL_ACCENT_COLOR_NAME = AccentColor;
				CODE_SIGN_STYLE = Automatic;
				CURRENT_PROJECT_VERSION = 1;
				DEVELOPMENT_ASSET_PATHS = "\"AnalogClockDemo-SwiftUI/Preview Content\"";
				DEVELOPMENT_TEAM = 99485X5JU5;
				ENABLE_PREVIEWS = YES;
				GENERATE_INFOPLIST_FILE = YES;
				INFOPLIST_KEY_UIApplicationSceneManifest_Generation = YES;
				INFOPLIST_KEY_UIApplicationSupportsIndirectInputEvents = YES;
				INFOPLIST_KEY_UILaunchScreen_Generation = YES;
				INFOPLIST_KEY_UISupportedInterfaceOrientations_iPad = "UIInterfaceOrientationPortrait UIInterfaceOrientationPortraitUpsideDown UIInterfaceOrientationLandscapeLeft UIInterfaceOrientationLandscapeRight";
				INFOPLIST_KEY_UISupportedInterfaceOrientations_iPhone = "UIInterfaceOrientationPortrait UIInterfaceOrientationLandscapeLeft UIInterfaceOrientationLandscapeRight";
				LD_RUNPATH_SEARCH_PATHS = (
					"$(inherited)",
					"@executable_path/Frameworks",
				);
				MARKETING_VERSION = 1.0;
				PRODUCT_BUNDLE_IDENTIFIER = "io.gauravtak.AnalogClockDemo-SwiftUI";
				PRODUCT_NAME = "$(TARGET_NAME)";
				SWIFT_EMIT_LOC_STRINGS = YES;
				SWIFT_VERSION = 5.0;
				TARGETED_DEVICE_FAMILY = "1,2";
			};
			name = Debug;
		};
		939DE8E62B3809EC00AB499B /* Release */ = {
			isa = XCBuildConfiguration;
			buildSettings = {
				ASSETCATALOG_COMPILER_APPICON_NAME = AppIcon;
				ASSETCATALOG_COMPILER_GLOBAL_ACCENT_COLOR_NAME = AccentColor;
				CODE_SIGN_STYLE = Automatic;
				CURRENT_PROJECT_VERSION = 1;
				DEVELOPMENT_ASSET_PATHS = "\"AnalogClockDemo-SwiftUI/Preview Content\"";
				DEVELOPMENT_TEAM = 99485X5JU5;
				ENABLE_PREVIEWS = YES;
				GENERATE_INFOPLIST_FILE = YES;
				INFOPLIST_KEY_UIApplicationSceneManifest_Generation = YES;
				INFOPLIST_KEY_UIApplicationSupportsIndirectInputEvents = YES;
				INFOPLIST_KEY_UILaunchScreen_Generation = YES;
				INFOPLIST_KEY_UISupportedInterfaceOrientations_iPad = "UIInterfaceOrientationPortrait UIInterfaceOrientationPortraitUpsideDown UIInterfaceOrientationLandscapeLeft UIInterfaceOrientationLandscapeRight";
				INFOPLIST_KEY_UISupportedInterfaceOrientations_iPhone = "UIInterfaceOrientationPortrait UIInterfaceOrientationLandscapeLeft UIInterfaceOrientationLandscapeRight";
				LD_RUNPATH_SEARCH_PATHS = (
					"$(inherited)",
					"@executable_path/Frameworks",
				);
				MARKETING_VERSION = 1.0;
				PRODUCT_BUNDLE_IDENTIFIER = "io.gauravtak.AnalogClockDemo-SwiftUI";
				PRODUCT_NAME = "$(TARGET_NAME)";
				SWIFT_EMIT_LOC_STRINGS = YES;
				SWIFT_VERSION = 5.0;
				TARGETED_DEVICE_FAMILY = "1,2";
			};
			name = Release;
		};
		939DE8E82B3809EC00AB499B /* Debug */ = {
			isa = XCBuildConfiguration;
			buildSettings = {
				ALWAYS_EMBED_SWIFT_STANDARD_LIBRARIES = YES;
				BUNDLE_LOADER = "$(TEST_HOST)";
				CODE_SIGN_STYLE = Automatic;
				CURRENT_PROJECT_VERSION = 1;
				DEVELOPMENT_TEAM = 99485X5JU5;
				GENERATE_INFOPLIST_FILE = YES;
				IPHONEOS_DEPLOYMENT_TARGET = 16.1;
				MARKETING_VERSION = 1.0;
				PRODUCT_BUNDLE_IDENTIFIER = "io.gauravtak.AnalogClockDemo-SwiftUITests";
				PRODUCT_NAME = "$(TARGET_NAME)";
				SWIFT_EMIT_LOC_STRINGS = NO;
				SWIFT_VERSION = 5.0;
				TARGETED_DEVICE_FAMILY = "1,2";
				TEST_HOST = "$(BUILT_PRODUCTS_DIR)/AnalogClockDemo-SwiftUI.app/$(BUNDLE_EXECUTABLE_FOLDER_PATH)/AnalogClockDemo-SwiftUI";
			};
			name = Debug;
		};
		939DE8E92B3809EC00AB499B /* Release */ = {
			isa = XCBuildConfiguration;
			buildSettings = {
				ALWAYS_EMBED_SWIFT_STANDARD_LIBRARIES = YES;
				BUNDLE_LOADER = "$(TEST_HOST)";
				CODE_SIGN_STYLE = Automatic;
				CURRENT_PROJECT_VERSION = 1;
				DEVELOPMENT_TEAM = 99485X5JU5;
				GENERATE_INFOPLIST_FILE = YES;
				IPHONEOS_DEPLOYMENT_TARGET = 16.1;
				MARKETING_VERSION = 1.0;
				PRODUCT_BUNDLE_IDENTIFIER = "io.gauravtak.AnalogClockDemo-SwiftUITests";
				PRODUCT_NAME = "$(TARGET_NAME)";
				SWIFT_EMIT_LOC_STRINGS = NO;
				SWIFT_VERSION = 5.0;
				TARGETED_DEVICE_FAMILY = "1,2";
				TEST_HOST = "$(BUILT_PRODUCTS_DIR)/AnalogClockDemo-SwiftUI.app/$(BUNDLE_EXECUTABLE_FOLDER_PATH)/AnalogClockDemo-SwiftUI";
			};
			name = Release;
		};
		939DE8EB2B3809EC00AB499B /* Debug */ = {
			isa = XCBuildConfiguration;
			buildSettings = {
				ALWAYS_EMBED_SWIFT_STANDARD_LIBRARIES = YES;
				CODE_SIGN_STYLE = Automatic;
				CURRENT_PROJECT_VERSION = 1;
				DEVELOPMENT_TEAM = 99485X5JU5;
				GENERATE_INFOPLIST_FILE = YES;
				MARKETING_VERSION = 1.0;
				PRODUCT_BUNDLE_IDENTIFIER = "io.gauravtak.AnalogClockDemo-SwiftUIUITests";
				PRODUCT_NAME = "$(TARGET_NAME)";
				SWIFT_EMIT_LOC_STRINGS = NO;
				SWIFT_VERSION = 5.0;
				TARGETED_DEVICE_FAMILY = "1,2";
				TEST_TARGET_NAME = "AnalogClockDemo-SwiftUI";
			};
			name = Debug;
		};
		939DE8EC2B3809EC00AB499B /* Release */ = {
			isa = XCBuildConfiguration;
			buildSettings = {
				ALWAYS_EMBED_SWIFT_STANDARD_LIBRARIES = YES;
				CODE_SIGN_STYLE = Automatic;
				CURRENT_PROJECT_VERSION = 1;
				DEVELOPMENT_TEAM = 99485X5JU5;
				GENERATE_INFOPLIST_FILE = YES;
				MARKETING_VERSION = 1.0;
				PRODUCT_BUNDLE_IDENTIFIER = "io.gauravtak.AnalogClockDemo-SwiftUIUITests";
				PRODUCT_NAME = "$(TARGET_NAME)";
				SWIFT_EMIT_LOC_STRINGS = NO;
				SWIFT_VERSION = 5.0;
				TARGETED_DEVICE_FAMILY = "1,2";
				TEST_TARGET_NAME = "AnalogClockDemo-SwiftUI";
			};
			name = Release;
		};
/* End XCBuildConfiguration section */

/* Begin XCConfigurationList section */
		939DE8BB2B3809E900AB499B /* Build configuration list for PBXProject "AnalogClockDemo-SwiftUI" */ = {
			isa = XCConfigurationList;
			buildConfigurations = (
				939DE8E22B3809EC00AB499B /* Debug */,
				939DE8E32B3809EC00AB499B /* Release */,
			);
			defaultConfigurationIsVisible = 0;
			defaultConfigurationName = Release;
		};
		939DE8E42B3809EC00AB499B /* Build configuration list for PBXNativeTarget "AnalogClockDemo-SwiftUI" */ = {
			isa = XCConfigurationList;
			buildConfigurations = (
				939DE8E52B3809EC00AB499B /* Debug */,
				939DE8E62B3809EC00AB499B /* Release */,
			);
			defaultConfigurationIsVisible = 0;
			defaultConfigurationName = Release;
		};
		939DE8E72B3809EC00AB499B /* Build configuration list for PBXNativeTarget "AnalogClockDemo-SwiftUITests" */ = {
			isa = XCConfigurationList;
			buildConfigurations = (
				939DE8E82B3809EC00AB499B /* Debug */,
				939DE8E92B3809EC00AB499B /* Release */,
			);
			defaultConfigurationIsVisible = 0;
			defaultConfigurationName = Release;
		};
		939DE8EA2B3809EC00AB499B /* Build configuration list for PBXNativeTarget "AnalogClockDemo-SwiftUIUITests" */ = {
			isa = XCConfigurationList;
			buildConfigurations = (
				939DE8EB2B3809EC00AB499B /* Debug */,
				939DE8EC2B3809EC00AB499B /* Release */,
			);
			defaultConfigurationIsVisible = 0;
			defaultConfigurationName = Release;
		};
/* End XCConfigurationList section */
	};
	rootObject = 939DE8B82B3809E900AB499B /* Project object */;
}
